
Microsoft Visual Studio Solution File, Format Version 12.00
# Visual Studio 15
VisualStudioVersion = 15.0.27004.2006
MinimumVisualStudioVersion = 10.0.40219.1
Project("{8BC9CEB8-8B4A-11D0-8D11-00A0C91BC942}") = "Ej35", "Ej35\Ej35.vcxproj", "{0A37B83B-C5D8-4663-A36C-E8471AACEB0F}"
EndProject
Global
	GlobalSection(SolutionConfigurationPlatforms) = preSolution
		Debug|x64 = Debug|x64
		Debug|x86 = Debug|x86
		Release|x64 = Release|x64
		Release|x86 = Release|x86
	EndGlobalSection
	GlobalSection(ProjectConfigurationPlatforms) = postSolution
		{0A37B83B-C5D8-4663-A36C-E8471AACEB0F}.Debug|x64.ActiveCfg = Debug|x64
		{0A37B83B-C5D8-4663-A36C-E8471AACEB0F}.Debug|x64.Build.0 = Debug|x64
		{0A37B83B-C5D8-4663-A36C-E8471AACEB0F}.Debug|x86.ActiveCfg = Debug|Win32
		{0A37B83B-C5D8-4663-A36C-E8471AACEB0F}.Debug|x86.Build.0 = Debug|Win32
		{0A37B83B-C5D8-4663-A36C-E8471AACEB0F}.Release|x64.ActiveCfg = Release|x64
		{0A37B83B-C5D8-4663-A36C-E8471AACEB0F}.Release|x64.Build.0 = Release|x64
		{0A37B83B-C5D8-4663-A36C-E8471AACEB0F}.Release|x86.ActiveCfg = Release|Win32
		{0A37B83B-C5D8-4663-A36C-E8471AACEB0F}.Release|x86.Build.0 = Release|Win32
	EndGlobalSection
	GlobalSection(SolutionProperties) = preSolution
		HideSolutionNode = FALSE
	EndGlobalSection
	GlobalSection(ExtensibilityGlobals) = postSolution
		SolutionGuid = {D9E57841-BA05-469C-8CB4-77D3F804B14A}
	EndGlobalSection
EndGlobal
